<?xml version="1.0" encoding="utf-8"?>
<Project ToolsVersion="4.0" xmlns="http://schemas.microsoft.com/developer/msbuild/2003">
  <ItemGroup>
    <Filter Include="Source Files">
      <UniqueIdentifier>{4FC737F1-C7A5-4376-A066-2A32D752A2FF}</UniqueIdentifier>
      <Extensions>cpp;c;cc;cxx;def;odl;idl;hpj;bat;asm;asmx</Extensions>
    </Filter>
    <Filter Include="Resource Files">
      <UniqueIdentifier>{67DA6AB6-F800-4c08-8B7A-83BB121AAD01}</UniqueIdentifier>
      <Extensions>rc;ico;cur;bmp;dlg;rc2;rct;bin;rgs;gif;jpg;jpeg;jpe;resx;tiff;tif;png;wav;mfcribbon-ms</Extensions>
    </Filter>
    <Filter Include="Source Files\Audio">
      <UniqueIdentifier>{429dd0d7-5332-403f-87d0-05e3610bca39}</UniqueIdentifier>
    </Filter>
    <Filter Include="Source Files\Rendering">
      <UniqueIdentifier>{480031a5-9c9b-4c15-94ff-62ed7547e830}</UniqueIdentifier>
    </Filter>
    <Filter Include="Source Files\Rendering\Particles">
      <UniqueIdentifier>{674414dc-0f21-485b-a4d9-27ca134846ca}</UniqueIdentifier>
    </Filter>
    <Filter Include="Source Files\Rendering\Fonts">
      <UniqueIdentifier>{1d2d28c3-fb09-4b89-815b-b8878ef673d1}</UniqueIdentifier>
    </Filter>
    <Filter Include="Source Files\Files">
      <UniqueIdentifier>{07d59c8c-2d3a-49d5-b86c-96e37633ede7}</UniqueIdentifier>
    </Filter>
    <Filter Include="Source Files\Core">
      <UniqueIdentifier>{46cba267-692d-42b1-ae06-5e5b30b5d1d7}</UniqueIdentifier>
    </Filter>
    <Filter Include="Source Files\Rendering\Sprites">
      <UniqueIdentifier>{66e8b515-5f35-493e-a025-440b0590150d}</UniqueIdentifier>
    </Filter>
  </ItemGroup>
  <ItemGroup>
    <ClInclude Include="Audio.h">
      <Filter>Source Files\Audio</Filter>
    </ClInclude>
    <ClInclude Include="AudioSource.h">
      <Filter>Source Files\Audio</Filter>
    </ClInclude>
    <ClInclude Include="Music.h">
      <Filter>Source Files\Audio</Filter>
    </ClInclude>
    <ClInclude Include="SoundEffect.h">
      <Filter>Source Files\Audio</Filter>
    </ClInclude>
    <ClInclude Include="InputManager.h">
      <Filter>Source Files\Core</Filter>
    </ClInclude>
    <ClInclude Include="MyErrors.h">
      <Filter>Source Files\Core</Filter>
    </ClInclude>
    <ClInclude Include="MyGameEngine.h">
      <Filter>Source Files\Core</Filter>
    </ClInclude>
    <ClInclude Include="Time.h">
      <Filter>Source Files\Core</Filter>
    </ClInclude>
    <ClInclude Include="Window.h">
      <Filter>Source Files\Core</Filter>
    </ClInclude>
    <ClInclude Include="IOManager.h">
      <Filter>Source Files\Files</Filter>
    </ClInclude>
    <ClInclude Include="ResourceManager.h">
      <Filter>Source Files\Files</Filter>
    </ClInclude>
    <ClInclude Include="SpriteFont.h">
      <Filter>Source Files\Rendering\Fonts</Filter>
    </ClInclude>
    <ClInclude Include="ParticleBatch2D.h">
      <Filter>Source Files\Rendering\Particles</Filter>
    </ClInclude>
    <ClInclude Include="ParticleSystem2D.h">
      <Filter>Source Files\Rendering\Particles</Filter>
    </ClInclude>
    <ClInclude Include="Camera2D.h">
      <Filter>Source Files\Rendering</Filter>
    </ClInclude>
    <ClInclude Include="Vertex.h">
      <Filter>Source Files\Rendering</Filter>
    </ClInclude>
    <ClInclude Include="GLSLProgram.h">
      <Filter>Source Files\Rendering\Sprites</Filter>
    </ClInclude>
    <ClInclude Include="GLTexture.h">
      <Filter>Source Files\Rendering\Sprites</Filter>
    </ClInclude>
    <ClInclude Include="ImageLoader.h">
      <Filter>Source Files\Rendering\Sprites</Filter>
    </ClInclude>
    <ClInclude Include="PicoPNG.h">
      <Filter>Source Files\Rendering\Sprites</Filter>
    </ClInclude>
    <ClInclude Include="Sprite.h">
      <Filter>Source Files\Rendering\Sprites</Filter>
    </ClInclude>
    <ClInclude Include="SpriteBatch.h">
      <Filter>Source Files\Rendering\Sprites</Filter>
    </ClInclude>
    <ClInclude Include="TextureCache.h">
      <Filter>Source Files\Files</Filter>
    </ClInclude>
  </ItemGroup>
  <ItemGroup>
    <ClCompile Include="AudioSource.cpp">
      <Filter>Source Files\Audio</Filter>
    </ClCompile>
    <ClCompile Include="Music.cpp">
      <Filter>Source Files\Audio</Filter>
    </ClCompile>
    <ClCompile Include="SoundEffect.cpp">
      <Filter>Source Files\Audio</Filter>
    </ClCompile>
    <ClCompile Include="ParticleBatch2D.cpp">
      <Filter>Source Files\Rendering\Particles</Filter>
    </ClCompile>
    <ClCompile Include="ParticleSystem2D.cpp">
      <Filter>Source Files\Rendering\Particles</Filter>
    </ClCompile>
    <ClCompile Include="SpriteFont.cpp">
      <Filter>Source Files\Rendering\Fonts</Filter>
    </ClCompile>
    <ClCompile Include="Camera2D.cpp">
      <Filter>Source Files\Rendering</Filter>
    </ClCompile>
    <ClCompile Include="IOManager.cpp">
      <Filter>Source Files\Files</Filter>
    </ClCompile>
    <ClCompile Include="ResourceManager.cpp">
      <Filter>Source Files\Files</Filter>
    </ClCompile>
    <ClCompile Include="InputManager.cpp">
      <Filter>Source Files\Core</Filter>
    </ClCompile>
    <ClCompile Include="MyErrors.cpp">
      <Filter>Source Files\Core</Filter>
    </ClCompile>
    <ClCompile Include="MyGameEngine.cpp">
      <Filter>Source Files\Core</Filter>
    </ClCompile>
    <ClCompile Include="Time.cpp">
      <Filter>Source Files\Core</Filter>
    </ClCompile>
    <ClCompile Include="Window.cpp">
      <Filter>Source Files\Core</Filter>
    </ClCompile>
    <ClCompile Include="GLSLProgram.cpp">
      <Filter>Source Files\Rendering\Sprites</Filter>
    </ClCompile>
    <ClCompile Include="ImageLoader.cpp">
      <Filter>Source Files\Rendering\Sprites</Filter>
    </ClCompile>
    <ClCompile Include="PicoPNG.cpp">
      <Filter>Source Files\Rendering\Sprites</Filter>
    </ClCompile>
    <ClCompile Include="Sprite.cpp">
      <Filter>Source Files\Rendering\Sprites</Filter>
    </ClCompile>
    <ClCompile Include="SpriteBatch.cpp">
      <Filter>Source Files\Rendering\Sprites</Filter>
    </ClCompile>
    <ClCompile Include="TextureCache.cpp">
      <Filter>Source Files\Files</Filter>
    </ClCompile>
  </ItemGroup>
</Project>